
Microsoft Visual Studio Solution File, Format Version 12.00
# Visual Studio 15
VisualStudioVersion = 15.0.26124.0
MinimumVisualStudioVersion = 15.0.26124.0
Project("{2150E333-8FDC-42A3-9474-1A3956D46DE8}") = "Kwetter.Services", "Kwetter.Services", "{64D48B2D-99B7-4EAC-A56E-FFF86D83CCDA}"
EndProject
Project("{2150E333-8FDC-42A3-9474-1A3956D46DE8}") = "Kwetter.Services.ProfileService", "Kwetter.Services.ProfileService", "{386C94D0-BC4C-44EB-A116-72BF5FA08894}"
EndProject
Project("{FAE04EC0-301F-11D3-BF4B-00C04F79EFBC}") = "Kwetter.Services.ProfileService.Rest", "Services\ProfileService\Rest\Kwetter.Services.ProfileService.Rest.csproj", "{B3FCAC2B-17D0-4EBF-8CAD-8D80E735468C}"
EndProject
Project("{FAE04EC0-301F-11D3-BF4B-00C04F79EFBC}") = "Kwetter.Services.ProfileService.Application", "Services\ProfileService\Application\Kwetter.Services.ProfileService.Application.csproj", "{485AE676-207E-4F57-A73E-A80160EE6299}"
EndProject
Project("{FAE04EC0-301F-11D3-BF4B-00C04F79EFBC}") = "Kwetter.Services.ProfileService.Domain", "Services\ProfileService\Domain\Kwetter.Services.ProfileService.Domain.csproj", "{C6A48108-F634-43B7-9517-99FF6FD610D7}"
EndProject
Project("{FAE04EC0-301F-11D3-BF4B-00C04F79EFBC}") = "Kwetter.Services.ProfileService.Persistence", "Services\ProfileService\Persistence\Kwetter.Services.ProfileService.Persistence.csproj", "{09A22AE2-2537-45E5-B082-0DCAFCF67E47}"
EndProject
Project("{FAE04EC0-301F-11D3-BF4B-00C04F79EFBC}") = "Kwetter.Services.ProfileService.Test", "Services\ProfileService\Test\Kwetter.Services.ProfileService.Test.csproj", "{D5458372-9638-4F7A-AE94-B06CCEDBBD45}"
EndProject
Project("{2150E333-8FDC-42A3-9474-1A3956D46DE8}") = "Kwetter.Services.KweetService", "Kwetter.Services.KweetService", "{790FC393-14F3-4A2D-AE1E-AB171196C6C1}"
EndProject
Project("{FAE04EC0-301F-11D3-BF4B-00C04F79EFBC}") = "Kwetter.Services.KweetService.Application", "Services\KweetService\Application\Kwetter.Services.KweetService.Application.csproj", "{C51E0AB1-8AFC-4069-84EB-699EB7BFF3B6}"
EndProject
Project("{FAE04EC0-301F-11D3-BF4B-00C04F79EFBC}") = "Kwetter.Services.KweetService.Domain", "Services\KweetService\Domain\Kwetter.Services.KweetService.Domain.csproj", "{61D4BEA4-5BD0-49FF-9FD6-61C686419B49}"
EndProject
Project("{FAE04EC0-301F-11D3-BF4B-00C04F79EFBC}") = "Kwetter.Services.KweetService.Persistence", "Services\KweetService\Persistence\Kwetter.Services.KweetService.Persistence.csproj", "{F57467F3-2504-4732-93EE-30011AB07F57}"
EndProject
Project("{FAE04EC0-301F-11D3-BF4B-00C04F79EFBC}") = "Kwetter.Services.KweetService.Rest", "Services\KweetService\Rest\Kwetter.Services.KweetService.Rest.csproj", "{764D489F-9253-4D3F-9CD7-14D5F7F0ECDE}"
EndProject
Project("{FAE04EC0-301F-11D3-BF4B-00C04F79EFBC}") = "Kwetter.Services.KweetService.Test", "Services\KweetService\Test\Kwetter.Services.KweetService.Test.csproj", "{3DB2CF49-C534-4AB9-876B-1AE277E5F247}"
EndProject
Project("{FAE04EC0-301F-11D3-BF4B-00C04F79EFBC}") = "Kwetter.Services.ProfileService.Infrastructure", "Services\ProfileService\Infrastructure\Kwetter.Services.ProfileService.Infrastructure.csproj", "{B2965F0C-1C05-4F38-9D09-FC0DA63F5B3E}"
EndProject
Project("{2150E333-8FDC-42A3-9474-1A3956D46DE8}") = "Kwetter.Services.FollowService", "Kwetter.Services.FollowService", "{218420C9-6548-41E7-B916-277D31FD5744}"
EndProject
Project("{FAE04EC0-301F-11D3-BF4B-00C04F79EFBC}") = "Kwetter.Services.FollowService.Application", "Services\FollowService\Application\Kwetter.Services.FollowService.Application.csproj", "{319CA434-EE30-4228-B615-42814EAAC5B3}"
EndProject
Project("{FAE04EC0-301F-11D3-BF4B-00C04F79EFBC}") = "Kwetter.Services.FollowService.Domain", "Services\FollowService\Domain\Kwetter.Services.FollowService.Domain.csproj", "{65DF80C8-0EB0-440A-8DF9-CD4A8F5EA13A}"
EndProject
Project("{FAE04EC0-301F-11D3-BF4B-00C04F79EFBC}") = "Kwetter.Services.FollowService.Persistence", "Services\FollowService\Persistence\Kwetter.Services.FollowService.Persistence.csproj", "{878465D3-3263-49C8-910F-E48EDF73A66E}"
EndProject
Project("{FAE04EC0-301F-11D3-BF4B-00C04F79EFBC}") = "Kwetter.Services.FollowService.Rest", "Services\FollowService\Rest\Kwetter.Services.FollowService.Rest.csproj", "{E422507D-26CA-43D0-9F3D-58A24593E361}"
EndProject
Project("{FAE04EC0-301F-11D3-BF4B-00C04F79EFBC}") = "Kwetter.Services.FollowService.Test", "Services\FollowService\Test\Kwetter.Services.FollowService.Test.csproj", "{BBF2B285-A36D-4C70-9546-77C07CB769F5}"
EndProject
Project("{2150E333-8FDC-42A3-9474-1A3956D46DE8}") = "Kwetter.Gateway", "Kwetter.Gateway", "{D39BC283-226E-459E-83C6-F6A0EF19F9F0}"
EndProject
Project("{FAE04EC0-301F-11D3-BF4B-00C04F79EFBC}") = "Kwetter.Services.FollowService.Infrastructure", "Services\FollowService\Infrastructure\Kwetter.Services.FollowService.Infrastructure.csproj", "{24217BBC-12C5-49C4-8AAC-47C14E68353E}"
EndProject
Project("{2150E333-8FDC-42A3-9474-1A3956D46DE8}") = "Kwetter.Services.SearchService", "Kwetter.Services.SearchService", "{8353E827-216C-43AD-BEB1-B75EA08CD410}"
EndProject
Project("{FAE04EC0-301F-11D3-BF4B-00C04F79EFBC}") = "Kwetter.Services.SearchService.Rest", "Services\SearchService\Rest\Kwetter.Services.SearchService.Rest.csproj", "{8DEDD7F5-FB2A-408E-8C4B-43EEA2B10086}"
EndProject
Project("{FAE04EC0-301F-11D3-BF4B-00C04F79EFBC}") = "Kwetter.Services.SearchService.Persistence", "Services\SearchService\Persistence\Kwetter.Services.SearchService.Persistence.csproj", "{591DF563-D55E-4819-84D6-B0E665AC5374}"
EndProject
Project("{FAE04EC0-301F-11D3-BF4B-00C04F79EFBC}") = "Kwetter.Services.SearchService.Domain", "Services\SearchService\Domain\Kwetter.Services.SearchService.Domain.csproj", "{4C620DC8-099F-4C2F-B03D-ED16EEBAFAE2}"
EndProject
Project("{FAE04EC0-301F-11D3-BF4B-00C04F79EFBC}") = "Kwetter.Services.SearchService.Application", "Services\SearchService\Application\Kwetter.Services.SearchService.Application.csproj", "{D0184073-6500-4642-A32B-86D765C992AA}"
EndProject
Project("{2150E333-8FDC-42A3-9474-1A3956D46DE8}") = "Kwetter.Services.AuthorizationService", "Kwetter.Services.AuthorizationService", "{00A07BA9-C7C0-46DD-A1A1-D11A763C8586}"
EndProject
Project("{FAE04EC0-301F-11D3-BF4B-00C04F79EFBC}") = "Kwetter.Services.AuthorizationService.Rest", "Services\AuthorizationService\Rest\Kwetter.Services.AuthorizationService.Rest.csproj", "{3A9E0390-269F-4BA1-98CC-8900D3C1F83F}"
EndProject
Project("{FAE04EC0-301F-11D3-BF4B-00C04F79EFBC}") = "Kwetter.Services.AuthorizationService.Infrastructure", "Services\AuthorizationService\Infrastructure\Kwetter.Services.AuthorizationService.Infrastructure.csproj", "{E584D399-1D37-43BC-81A3-A43D71506F90}"
EndProject
Project("{FAE04EC0-301F-11D3-BF4B-00C04F79EFBC}") = "Kwetter.Services.AuthorizationService.Application", "Services\AuthorizationService\Application\Kwetter.Services.AuthorizationService.Application.csproj", "{7D86DB69-41F8-470D-97E5-340CBAD825B3}"
EndProject
Project("{FAE04EC0-301F-11D3-BF4B-00C04F79EFBC}") = "Kwetter.Services.AuthorizationService.Domain", "Services\AuthorizationService\Domain\Kwetter.Services.AuthorizationService.Domain.csproj", "{628D9F20-AD66-4FA8-BECC-B3E850D56CFE}"
EndProject
Project("{FAE04EC0-301F-11D3-BF4B-00C04F79EFBC}") = "Kwetter.Services.AuthorizationService.Persistence", "Services\AuthorizationService\Persistence\Kwetter.Services.AuthorizationService.Persistence.csproj", "{C0B91BBC-5169-4F1D-97D0-02B353ED330E}"
EndProject
Project("{FAE04EC0-301F-11D3-BF4B-00C04F79EFBC}") = "Kwetter.Gateway", "Gateway\Kwetter.Gateway.csproj", "{57220CD3-EC64-4C6B-A28C-4C5C435D0D27}"
EndProject
Project("{FAE04EC0-301F-11D3-BF4B-00C04F79EFBC}") = "Kwetter.Services.SearchService.Test", "Services\SearchService\Test\Kwetter.Services.SearchService.Test\Kwetter.Services.SearchService.Test.csproj", "{808B089B-03FE-4C2C-8889-8BEB174F7A7F}"
EndProject
Global
	GlobalSection(SolutionConfigurationPlatforms) = preSolution
		Debug|Any CPU = Debug|Any CPU
		Debug|x64 = Debug|x64
		Debug|x86 = Debug|x86
		Release|Any CPU = Release|Any CPU
		Release|x64 = Release|x64
		Release|x86 = Release|x86
	EndGlobalSection
	GlobalSection(SolutionProperties) = preSolution
		HideSolutionNode = FALSE
	EndGlobalSection
	GlobalSection(NestedProjects) = preSolution
		{386C94D0-BC4C-44EB-A116-72BF5FA08894} = {64D48B2D-99B7-4EAC-A56E-FFF86D83CCDA}
		{B3FCAC2B-17D0-4EBF-8CAD-8D80E735468C} = {386C94D0-BC4C-44EB-A116-72BF5FA08894}
		{485AE676-207E-4F57-A73E-A80160EE6299} = {386C94D0-BC4C-44EB-A116-72BF5FA08894}
		{C6A48108-F634-43B7-9517-99FF6FD610D7} = {386C94D0-BC4C-44EB-A116-72BF5FA08894}
		{09A22AE2-2537-45E5-B082-0DCAFCF67E47} = {386C94D0-BC4C-44EB-A116-72BF5FA08894}
		{D5458372-9638-4F7A-AE94-B06CCEDBBD45} = {386C94D0-BC4C-44EB-A116-72BF5FA08894}
		{790FC393-14F3-4A2D-AE1E-AB171196C6C1} = {64D48B2D-99B7-4EAC-A56E-FFF86D83CCDA}
		{C51E0AB1-8AFC-4069-84EB-699EB7BFF3B6} = {790FC393-14F3-4A2D-AE1E-AB171196C6C1}
		{61D4BEA4-5BD0-49FF-9FD6-61C686419B49} = {790FC393-14F3-4A2D-AE1E-AB171196C6C1}
		{F57467F3-2504-4732-93EE-30011AB07F57} = {790FC393-14F3-4A2D-AE1E-AB171196C6C1}
		{764D489F-9253-4D3F-9CD7-14D5F7F0ECDE} = {790FC393-14F3-4A2D-AE1E-AB171196C6C1}
		{3DB2CF49-C534-4AB9-876B-1AE277E5F247} = {790FC393-14F3-4A2D-AE1E-AB171196C6C1}
		{B2965F0C-1C05-4F38-9D09-FC0DA63F5B3E} = {386C94D0-BC4C-44EB-A116-72BF5FA08894}
		{218420C9-6548-41E7-B916-277D31FD5744} = {64D48B2D-99B7-4EAC-A56E-FFF86D83CCDA}
		{319CA434-EE30-4228-B615-42814EAAC5B3} = {218420C9-6548-41E7-B916-277D31FD5744}
		{65DF80C8-0EB0-440A-8DF9-CD4A8F5EA13A} = {218420C9-6548-41E7-B916-277D31FD5744}
		{878465D3-3263-49C8-910F-E48EDF73A66E} = {218420C9-6548-41E7-B916-277D31FD5744}
		{E422507D-26CA-43D0-9F3D-58A24593E361} = {218420C9-6548-41E7-B916-277D31FD5744}
		{BBF2B285-A36D-4C70-9546-77C07CB769F5} = {218420C9-6548-41E7-B916-277D31FD5744}
		{24217BBC-12C5-49C4-8AAC-47C14E68353E} = {218420C9-6548-41E7-B916-277D31FD5744}
		{8353E827-216C-43AD-BEB1-B75EA08CD410} = {64D48B2D-99B7-4EAC-A56E-FFF86D83CCDA}
		{8DEDD7F5-FB2A-408E-8C4B-43EEA2B10086} = {8353E827-216C-43AD-BEB1-B75EA08CD410}
		{591DF563-D55E-4819-84D6-B0E665AC5374} = {8353E827-216C-43AD-BEB1-B75EA08CD410}
		{4C620DC8-099F-4C2F-B03D-ED16EEBAFAE2} = {8353E827-216C-43AD-BEB1-B75EA08CD410}
		{D0184073-6500-4642-A32B-86D765C992AA} = {8353E827-216C-43AD-BEB1-B75EA08CD410}
		{00A07BA9-C7C0-46DD-A1A1-D11A763C8586} = {64D48B2D-99B7-4EAC-A56E-FFF86D83CCDA}
		{3A9E0390-269F-4BA1-98CC-8900D3C1F83F} = {00A07BA9-C7C0-46DD-A1A1-D11A763C8586}
		{E584D399-1D37-43BC-81A3-A43D71506F90} = {00A07BA9-C7C0-46DD-A1A1-D11A763C8586}
		{7D86DB69-41F8-470D-97E5-340CBAD825B3} = {00A07BA9-C7C0-46DD-A1A1-D11A763C8586}
		{628D9F20-AD66-4FA8-BECC-B3E850D56CFE} = {00A07BA9-C7C0-46DD-A1A1-D11A763C8586}
		{C0B91BBC-5169-4F1D-97D0-02B353ED330E} = {00A07BA9-C7C0-46DD-A1A1-D11A763C8586}
		{57220CD3-EC64-4C6B-A28C-4C5C435D0D27} = {D39BC283-226E-459E-83C6-F6A0EF19F9F0}
		{808B089B-03FE-4C2C-8889-8BEB174F7A7F} = {8353E827-216C-43AD-BEB1-B75EA08CD410}
	EndGlobalSection
	GlobalSection(ProjectConfigurationPlatforms) = postSolution
		{B3FCAC2B-17D0-4EBF-8CAD-8D80E735468C}.Debug|Any CPU.ActiveCfg = Debug|Any CPU
		{B3FCAC2B-17D0-4EBF-8CAD-8D80E735468C}.Debug|Any CPU.Build.0 = Debug|Any CPU
		{B3FCAC2B-17D0-4EBF-8CAD-8D80E735468C}.Debug|x64.ActiveCfg = Debug|Any CPU
		{B3FCAC2B-17D0-4EBF-8CAD-8D80E735468C}.Debug|x64.Build.0 = Debug|Any CPU
		{B3FCAC2B-17D0-4EBF-8CAD-8D80E735468C}.Debug|x86.ActiveCfg = Debug|Any CPU
		{B3FCAC2B-17D0-4EBF-8CAD-8D80E735468C}.Debug|x86.Build.0 = Debug|Any CPU
		{B3FCAC2B-17D0-4EBF-8CAD-8D80E735468C}.Release|Any CPU.ActiveCfg = Release|Any CPU
		{B3FCAC2B-17D0-4EBF-8CAD-8D80E735468C}.Release|Any CPU.Build.0 = Release|Any CPU
		{B3FCAC2B-17D0-4EBF-8CAD-8D80E735468C}.Release|x64.ActiveCfg = Release|Any CPU
		{B3FCAC2B-17D0-4EBF-8CAD-8D80E735468C}.Release|x64.Build.0 = Release|Any CPU
		{B3FCAC2B-17D0-4EBF-8CAD-8D80E735468C}.Release|x86.ActiveCfg = Release|Any CPU
		{B3FCAC2B-17D0-4EBF-8CAD-8D80E735468C}.Release|x86.Build.0 = Release|Any CPU
		{485AE676-207E-4F57-A73E-A80160EE6299}.Debug|Any CPU.ActiveCfg = Debug|Any CPU
		{485AE676-207E-4F57-A73E-A80160EE6299}.Debug|Any CPU.Build.0 = Debug|Any CPU
		{485AE676-207E-4F57-A73E-A80160EE6299}.Debug|x64.ActiveCfg = Debug|Any CPU
		{485AE676-207E-4F57-A73E-A80160EE6299}.Debug|x64.Build.0 = Debug|Any CPU
		{485AE676-207E-4F57-A73E-A80160EE6299}.Debug|x86.ActiveCfg = Debug|Any CPU
		{485AE676-207E-4F57-A73E-A80160EE6299}.Debug|x86.Build.0 = Debug|Any CPU
		{485AE676-207E-4F57-A73E-A80160EE6299}.Release|Any CPU.ActiveCfg = Release|Any CPU
		{485AE676-207E-4F57-A73E-A80160EE6299}.Release|Any CPU.Build.0 = Release|Any CPU
		{485AE676-207E-4F57-A73E-A80160EE6299}.Release|x64.ActiveCfg = Release|Any CPU
		{485AE676-207E-4F57-A73E-A80160EE6299}.Release|x64.Build.0 = Release|Any CPU
		{485AE676-207E-4F57-A73E-A80160EE6299}.Release|x86.ActiveCfg = Release|Any CPU
		{485AE676-207E-4F57-A73E-A80160EE6299}.Release|x86.Build.0 = Release|Any CPU
		{C6A48108-F634-43B7-9517-99FF6FD610D7}.Debug|Any CPU.ActiveCfg = Debug|Any CPU
		{C6A48108-F634-43B7-9517-99FF6FD610D7}.Debug|Any CPU.Build.0 = Debug|Any CPU
		{C6A48108-F634-43B7-9517-99FF6FD610D7}.Debug|x64.ActiveCfg = Debug|Any CPU
		{C6A48108-F634-43B7-9517-99FF6FD610D7}.Debug|x64.Build.0 = Debug|Any CPU
		{C6A48108-F634-43B7-9517-99FF6FD610D7}.Debug|x86.ActiveCfg = Debug|Any CPU
		{C6A48108-F634-43B7-9517-99FF6FD610D7}.Debug|x86.Build.0 = Debug|Any CPU
		{C6A48108-F634-43B7-9517-99FF6FD610D7}.Release|Any CPU.ActiveCfg = Release|Any CPU
		{C6A48108-F634-43B7-9517-99FF6FD610D7}.Release|Any CPU.Build.0 = Release|Any CPU
		{C6A48108-F634-43B7-9517-99FF6FD610D7}.Release|x64.ActiveCfg = Release|Any CPU
		{C6A48108-F634-43B7-9517-99FF6FD610D7}.Release|x64.Build.0 = Release|Any CPU
		{C6A48108-F634-43B7-9517-99FF6FD610D7}.Release|x86.ActiveCfg = Release|Any CPU
		{C6A48108-F634-43B7-9517-99FF6FD610D7}.Release|x86.Build.0 = Release|Any CPU
		{09A22AE2-2537-45E5-B082-0DCAFCF67E47}.Debug|Any CPU.ActiveCfg = Debug|Any CPU
		{09A22AE2-2537-45E5-B082-0DCAFCF67E47}.Debug|Any CPU.Build.0 = Debug|Any CPU
		{09A22AE2-2537-45E5-B082-0DCAFCF67E47}.Debug|x64.ActiveCfg = Debug|Any CPU
		{09A22AE2-2537-45E5-B082-0DCAFCF67E47}.Debug|x64.Build.0 = Debug|Any CPU
		{09A22AE2-2537-45E5-B082-0DCAFCF67E47}.Debug|x86.ActiveCfg = Debug|Any CPU
		{09A22AE2-2537-45E5-B082-0DCAFCF67E47}.Debug|x86.Build.0 = Debug|Any CPU
		{09A22AE2-2537-45E5-B082-0DCAFCF67E47}.Release|Any CPU.ActiveCfg = Release|Any CPU
		{09A22AE2-2537-45E5-B082-0DCAFCF67E47}.Release|Any CPU.Build.0 = Release|Any CPU
		{09A22AE2-2537-45E5-B082-0DCAFCF67E47}.Release|x64.ActiveCfg = Release|Any CPU
		{09A22AE2-2537-45E5-B082-0DCAFCF67E47}.Release|x64.Build.0 = Release|Any CPU
		{09A22AE2-2537-45E5-B082-0DCAFCF67E47}.Release|x86.ActiveCfg = Release|Any CPU
		{09A22AE2-2537-45E5-B082-0DCAFCF67E47}.Release|x86.Build.0 = Release|Any CPU
		{D5458372-9638-4F7A-AE94-B06CCEDBBD45}.Debug|Any CPU.ActiveCfg = Debug|Any CPU
		{D5458372-9638-4F7A-AE94-B06CCEDBBD45}.Debug|Any CPU.Build.0 = Debug|Any CPU
		{D5458372-9638-4F7A-AE94-B06CCEDBBD45}.Debug|x64.ActiveCfg = Debug|Any CPU
		{D5458372-9638-4F7A-AE94-B06CCEDBBD45}.Debug|x64.Build.0 = Debug|Any CPU
		{D5458372-9638-4F7A-AE94-B06CCEDBBD45}.Debug|x86.ActiveCfg = Debug|Any CPU
		{D5458372-9638-4F7A-AE94-B06CCEDBBD45}.Debug|x86.Build.0 = Debug|Any CPU
		{D5458372-9638-4F7A-AE94-B06CCEDBBD45}.Release|Any CPU.ActiveCfg = Release|Any CPU
		{D5458372-9638-4F7A-AE94-B06CCEDBBD45}.Release|Any CPU.Build.0 = Release|Any CPU
		{D5458372-9638-4F7A-AE94-B06CCEDBBD45}.Release|x64.ActiveCfg = Release|Any CPU
		{D5458372-9638-4F7A-AE94-B06CCEDBBD45}.Release|x64.Build.0 = Release|Any CPU
		{D5458372-9638-4F7A-AE94-B06CCEDBBD45}.Release|x86.ActiveCfg = Release|Any CPU
		{D5458372-9638-4F7A-AE94-B06CCEDBBD45}.Release|x86.Build.0 = Release|Any CPU
		{C51E0AB1-8AFC-4069-84EB-699EB7BFF3B6}.Debug|Any CPU.ActiveCfg = Debug|Any CPU
		{C51E0AB1-8AFC-4069-84EB-699EB7BFF3B6}.Debug|Any CPU.Build.0 = Debug|Any CPU
		{C51E0AB1-8AFC-4069-84EB-699EB7BFF3B6}.Debug|x64.ActiveCfg = Debug|Any CPU
		{C51E0AB1-8AFC-4069-84EB-699EB7BFF3B6}.Debug|x64.Build.0 = Debug|Any CPU
		{C51E0AB1-8AFC-4069-84EB-699EB7BFF3B6}.Debug|x86.ActiveCfg = Debug|Any CPU
		{C51E0AB1-8AFC-4069-84EB-699EB7BFF3B6}.Debug|x86.Build.0 = Debug|Any CPU
		{C51E0AB1-8AFC-4069-84EB-699EB7BFF3B6}.Release|Any CPU.ActiveCfg = Release|Any CPU
		{C51E0AB1-8AFC-4069-84EB-699EB7BFF3B6}.Release|Any CPU.Build.0 = Release|Any CPU
		{C51E0AB1-8AFC-4069-84EB-699EB7BFF3B6}.Release|x64.ActiveCfg = Release|Any CPU
		{C51E0AB1-8AFC-4069-84EB-699EB7BFF3B6}.Release|x64.Build.0 = Release|Any CPU
		{C51E0AB1-8AFC-4069-84EB-699EB7BFF3B6}.Release|x86.ActiveCfg = Release|Any CPU
		{C51E0AB1-8AFC-4069-84EB-699EB7BFF3B6}.Release|x86.Build.0 = Release|Any CPU
		{61D4BEA4-5BD0-49FF-9FD6-61C686419B49}.Debug|Any CPU.ActiveCfg = Debug|Any CPU
		{61D4BEA4-5BD0-49FF-9FD6-61C686419B49}.Debug|Any CPU.Build.0 = Debug|Any CPU
		{61D4BEA4-5BD0-49FF-9FD6-61C686419B49}.Debug|x64.ActiveCfg = Debug|Any CPU
		{61D4BEA4-5BD0-49FF-9FD6-61C686419B49}.Debug|x64.Build.0 = Debug|Any CPU
		{61D4BEA4-5BD0-49FF-9FD6-61C686419B49}.Debug|x86.ActiveCfg = Debug|Any CPU
		{61D4BEA4-5BD0-49FF-9FD6-61C686419B49}.Debug|x86.Build.0 = Debug|Any CPU
		{61D4BEA4-5BD0-49FF-9FD6-61C686419B49}.Release|Any CPU.ActiveCfg = Release|Any CPU
		{61D4BEA4-5BD0-49FF-9FD6-61C686419B49}.Release|Any CPU.Build.0 = Release|Any CPU
		{61D4BEA4-5BD0-49FF-9FD6-61C686419B49}.Release|x64.ActiveCfg = Release|Any CPU
		{61D4BEA4-5BD0-49FF-9FD6-61C686419B49}.Release|x64.Build.0 = Release|Any CPU
		{61D4BEA4-5BD0-49FF-9FD6-61C686419B49}.Release|x86.ActiveCfg = Release|Any CPU
		{61D4BEA4-5BD0-49FF-9FD6-61C686419B49}.Release|x86.Build.0 = Release|Any CPU
		{F57467F3-2504-4732-93EE-30011AB07F57}.Debug|Any CPU.ActiveCfg = Debug|Any CPU
		{F57467F3-2504-4732-93EE-30011AB07F57}.Debug|Any CPU.Build.0 = Debug|Any CPU
		{F57467F3-2504-4732-93EE-30011AB07F57}.Debug|x64.ActiveCfg = Debug|Any CPU
		{F57467F3-2504-4732-93EE-30011AB07F57}.Debug|x64.Build.0 = Debug|Any CPU
		{F57467F3-2504-4732-93EE-30011AB07F57}.Debug|x86.ActiveCfg = Debug|Any CPU
		{F57467F3-2504-4732-93EE-30011AB07F57}.Debug|x86.Build.0 = Debug|Any CPU
		{F57467F3-2504-4732-93EE-30011AB07F57}.Release|Any CPU.ActiveCfg = Release|Any CPU
		{F57467F3-2504-4732-93EE-30011AB07F57}.Release|Any CPU.Build.0 = Release|Any CPU
		{F57467F3-2504-4732-93EE-30011AB07F57}.Release|x64.ActiveCfg = Release|Any CPU
		{F57467F3-2504-4732-93EE-30011AB07F57}.Release|x64.Build.0 = Release|Any CPU
		{F57467F3-2504-4732-93EE-30011AB07F57}.Release|x86.ActiveCfg = Release|Any CPU
		{F57467F3-2504-4732-93EE-30011AB07F57}.Release|x86.Build.0 = Release|Any CPU
		{764D489F-9253-4D3F-9CD7-14D5F7F0ECDE}.Debug|Any CPU.ActiveCfg = Debug|Any CPU
		{764D489F-9253-4D3F-9CD7-14D5F7F0ECDE}.Debug|Any CPU.Build.0 = Debug|Any CPU
		{764D489F-9253-4D3F-9CD7-14D5F7F0ECDE}.Debug|x64.ActiveCfg = Debug|Any CPU
		{764D489F-9253-4D3F-9CD7-14D5F7F0ECDE}.Debug|x64.Build.0 = Debug|Any CPU
		{764D489F-9253-4D3F-9CD7-14D5F7F0ECDE}.Debug|x86.ActiveCfg = Debug|Any CPU
		{764D489F-9253-4D3F-9CD7-14D5F7F0ECDE}.Debug|x86.Build.0 = Debug|Any CPU
		{764D489F-9253-4D3F-9CD7-14D5F7F0ECDE}.Release|Any CPU.ActiveCfg = Release|Any CPU
		{764D489F-9253-4D3F-9CD7-14D5F7F0ECDE}.Release|Any CPU.Build.0 = Release|Any CPU
		{764D489F-9253-4D3F-9CD7-14D5F7F0ECDE}.Release|x64.ActiveCfg = Release|Any CPU
		{764D489F-9253-4D3F-9CD7-14D5F7F0ECDE}.Release|x64.Build.0 = Release|Any CPU
		{764D489F-9253-4D3F-9CD7-14D5F7F0ECDE}.Release|x86.ActiveCfg = Release|Any CPU
		{764D489F-9253-4D3F-9CD7-14D5F7F0ECDE}.Release|x86.Build.0 = Release|Any CPU
		{3DB2CF49-C534-4AB9-876B-1AE277E5F247}.Debug|Any CPU.ActiveCfg = Debug|Any CPU
		{3DB2CF49-C534-4AB9-876B-1AE277E5F247}.Debug|Any CPU.Build.0 = Debug|Any CPU
		{3DB2CF49-C534-4AB9-876B-1AE277E5F247}.Debug|x64.ActiveCfg = Debug|Any CPU
		{3DB2CF49-C534-4AB9-876B-1AE277E5F247}.Debug|x64.Build.0 = Debug|Any CPU
		{3DB2CF49-C534-4AB9-876B-1AE277E5F247}.Debug|x86.ActiveCfg = Debug|Any CPU
		{3DB2CF49-C534-4AB9-876B-1AE277E5F247}.Debug|x86.Build.0 = Debug|Any CPU
		{3DB2CF49-C534-4AB9-876B-1AE277E5F247}.Release|Any CPU.ActiveCfg = Release|Any CPU
		{3DB2CF49-C534-4AB9-876B-1AE277E5F247}.Release|Any CPU.Build.0 = Release|Any CPU
		{3DB2CF49-C534-4AB9-876B-1AE277E5F247}.Release|x64.ActiveCfg = Release|Any CPU
		{3DB2CF49-C534-4AB9-876B-1AE277E5F247}.Release|x64.Build.0 = Release|Any CPU
		{3DB2CF49-C534-4AB9-876B-1AE277E5F247}.Release|x86.ActiveCfg = Release|Any CPU
		{3DB2CF49-C534-4AB9-876B-1AE277E5F247}.Release|x86.Build.0 = Release|Any CPU
		{B2965F0C-1C05-4F38-9D09-FC0DA63F5B3E}.Debug|Any CPU.ActiveCfg = Debug|Any CPU
		{B2965F0C-1C05-4F38-9D09-FC0DA63F5B3E}.Debug|Any CPU.Build.0 = Debug|Any CPU
		{B2965F0C-1C05-4F38-9D09-FC0DA63F5B3E}.Debug|x64.ActiveCfg = Debug|Any CPU
		{B2965F0C-1C05-4F38-9D09-FC0DA63F5B3E}.Debug|x64.Build.0 = Debug|Any CPU
		{B2965F0C-1C05-4F38-9D09-FC0DA63F5B3E}.Debug|x86.ActiveCfg = Debug|Any CPU
		{B2965F0C-1C05-4F38-9D09-FC0DA63F5B3E}.Debug|x86.Build.0 = Debug|Any CPU
		{B2965F0C-1C05-4F38-9D09-FC0DA63F5B3E}.Release|Any CPU.ActiveCfg = Release|Any CPU
		{B2965F0C-1C05-4F38-9D09-FC0DA63F5B3E}.Release|Any CPU.Build.0 = Release|Any CPU
		{B2965F0C-1C05-4F38-9D09-FC0DA63F5B3E}.Release|x64.ActiveCfg = Release|Any CPU
		{B2965F0C-1C05-4F38-9D09-FC0DA63F5B3E}.Release|x64.Build.0 = Release|Any CPU
		{B2965F0C-1C05-4F38-9D09-FC0DA63F5B3E}.Release|x86.ActiveCfg = Release|Any CPU
		{B2965F0C-1C05-4F38-9D09-FC0DA63F5B3E}.Release|x86.Build.0 = Release|Any CPU
		{319CA434-EE30-4228-B615-42814EAAC5B3}.Debug|Any CPU.ActiveCfg = Debug|Any CPU
		{319CA434-EE30-4228-B615-42814EAAC5B3}.Debug|Any CPU.Build.0 = Debug|Any CPU
		{319CA434-EE30-4228-B615-42814EAAC5B3}.Debug|x64.ActiveCfg = Debug|Any CPU
		{319CA434-EE30-4228-B615-42814EAAC5B3}.Debug|x64.Build.0 = Debug|Any CPU
		{319CA434-EE30-4228-B615-42814EAAC5B3}.Debug|x86.ActiveCfg = Debug|Any CPU
		{319CA434-EE30-4228-B615-42814EAAC5B3}.Debug|x86.Build.0 = Debug|Any CPU
		{319CA434-EE30-4228-B615-42814EAAC5B3}.Release|Any CPU.ActiveCfg = Release|Any CPU
		{319CA434-EE30-4228-B615-42814EAAC5B3}.Release|Any CPU.Build.0 = Release|Any CPU
		{319CA434-EE30-4228-B615-42814EAAC5B3}.Release|x64.ActiveCfg = Release|Any CPU
		{319CA434-EE30-4228-B615-42814EAAC5B3}.Release|x64.Build.0 = Release|Any CPU
		{319CA434-EE30-4228-B615-42814EAAC5B3}.Release|x86.ActiveCfg = Release|Any CPU
		{319CA434-EE30-4228-B615-42814EAAC5B3}.Release|x86.Build.0 = Release|Any CPU
		{65DF80C8-0EB0-440A-8DF9-CD4A8F5EA13A}.Debug|Any CPU.ActiveCfg = Debug|Any CPU
		{65DF80C8-0EB0-440A-8DF9-CD4A8F5EA13A}.Debug|Any CPU.Build.0 = Debug|Any CPU
		{65DF80C8-0EB0-440A-8DF9-CD4A8F5EA13A}.Debug|x64.ActiveCfg = Debug|Any CPU
		{65DF80C8-0EB0-440A-8DF9-CD4A8F5EA13A}.Debug|x64.Build.0 = Debug|Any CPU
		{65DF80C8-0EB0-440A-8DF9-CD4A8F5EA13A}.Debug|x86.ActiveCfg = Debug|Any CPU
		{65DF80C8-0EB0-440A-8DF9-CD4A8F5EA13A}.Debug|x86.Build.0 = Debug|Any CPU
		{65DF80C8-0EB0-440A-8DF9-CD4A8F5EA13A}.Release|Any CPU.ActiveCfg = Release|Any CPU
		{65DF80C8-0EB0-440A-8DF9-CD4A8F5EA13A}.Release|Any CPU.Build.0 = Release|Any CPU
		{65DF80C8-0EB0-440A-8DF9-CD4A8F5EA13A}.Release|x64.ActiveCfg = Release|Any CPU
		{65DF80C8-0EB0-440A-8DF9-CD4A8F5EA13A}.Release|x64.Build.0 = Release|Any CPU
		{65DF80C8-0EB0-440A-8DF9-CD4A8F5EA13A}.Release|x86.ActiveCfg = Release|Any CPU
		{65DF80C8-0EB0-440A-8DF9-CD4A8F5EA13A}.Release|x86.Build.0 = Release|Any CPU
		{878465D3-3263-49C8-910F-E48EDF73A66E}.Debug|Any CPU.ActiveCfg = Debug|Any CPU
		{878465D3-3263-49C8-910F-E48EDF73A66E}.Debug|Any CPU.Build.0 = Debug|Any CPU
		{878465D3-3263-49C8-910F-E48EDF73A66E}.Debug|x64.ActiveCfg = Debug|Any CPU
		{878465D3-3263-49C8-910F-E48EDF73A66E}.Debug|x64.Build.0 = Debug|Any CPU
		{878465D3-3263-49C8-910F-E48EDF73A66E}.Debug|x86.ActiveCfg = Debug|Any CPU
		{878465D3-3263-49C8-910F-E48EDF73A66E}.Debug|x86.Build.0 = Debug|Any CPU
		{878465D3-3263-49C8-910F-E48EDF73A66E}.Release|Any CPU.ActiveCfg = Release|Any CPU
		{878465D3-3263-49C8-910F-E48EDF73A66E}.Release|Any CPU.Build.0 = Release|Any CPU
		{878465D3-3263-49C8-910F-E48EDF73A66E}.Release|x64.ActiveCfg = Release|Any CPU
		{878465D3-3263-49C8-910F-E48EDF73A66E}.Release|x64.Build.0 = Release|Any CPU
		{878465D3-3263-49C8-910F-E48EDF73A66E}.Release|x86.ActiveCfg = Release|Any CPU
		{878465D3-3263-49C8-910F-E48EDF73A66E}.Release|x86.Build.0 = Release|Any CPU
		{E422507D-26CA-43D0-9F3D-58A24593E361}.Debug|Any CPU.ActiveCfg = Debug|Any CPU
		{E422507D-26CA-43D0-9F3D-58A24593E361}.Debug|Any CPU.Build.0 = Debug|Any CPU
		{E422507D-26CA-43D0-9F3D-58A24593E361}.Debug|x64.ActiveCfg = Debug|Any CPU
		{E422507D-26CA-43D0-9F3D-58A24593E361}.Debug|x64.Build.0 = Debug|Any CPU
		{E422507D-26CA-43D0-9F3D-58A24593E361}.Debug|x86.ActiveCfg = Debug|Any CPU
		{E422507D-26CA-43D0-9F3D-58A24593E361}.Debug|x86.Build.0 = Debug|Any CPU
		{E422507D-26CA-43D0-9F3D-58A24593E361}.Release|Any CPU.ActiveCfg = Release|Any CPU
		{E422507D-26CA-43D0-9F3D-58A24593E361}.Release|Any CPU.Build.0 = Release|Any CPU
		{E422507D-26CA-43D0-9F3D-58A24593E361}.Release|x64.ActiveCfg = Release|Any CPU
		{E422507D-26CA-43D0-9F3D-58A24593E361}.Release|x64.Build.0 = Release|Any CPU
		{E422507D-26CA-43D0-9F3D-58A24593E361}.Release|x86.ActiveCfg = Release|Any CPU
		{E422507D-26CA-43D0-9F3D-58A24593E361}.Release|x86.Build.0 = Release|Any CPU
		{BBF2B285-A36D-4C70-9546-77C07CB769F5}.Debug|Any CPU.ActiveCfg = Debug|Any CPU
		{BBF2B285-A36D-4C70-9546-77C07CB769F5}.Debug|Any CPU.Build.0 = Debug|Any CPU
		{BBF2B285-A36D-4C70-9546-77C07CB769F5}.Debug|x64.ActiveCfg = Debug|Any CPU
		{BBF2B285-A36D-4C70-9546-77C07CB769F5}.Debug|x64.Build.0 = Debug|Any CPU
		{BBF2B285-A36D-4C70-9546-77C07CB769F5}.Debug|x86.ActiveCfg = Debug|Any CPU
		{BBF2B285-A36D-4C70-9546-77C07CB769F5}.Debug|x86.Build.0 = Debug|Any CPU
		{BBF2B285-A36D-4C70-9546-77C07CB769F5}.Release|Any CPU.ActiveCfg = Release|Any CPU
		{BBF2B285-A36D-4C70-9546-77C07CB769F5}.Release|Any CPU.Build.0 = Release|Any CPU
		{BBF2B285-A36D-4C70-9546-77C07CB769F5}.Release|x64.ActiveCfg = Release|Any CPU
		{BBF2B285-A36D-4C70-9546-77C07CB769F5}.Release|x64.Build.0 = Release|Any CPU
		{BBF2B285-A36D-4C70-9546-77C07CB769F5}.Release|x86.ActiveCfg = Release|Any CPU
		{BBF2B285-A36D-4C70-9546-77C07CB769F5}.Release|x86.Build.0 = Release|Any CPU
		{24217BBC-12C5-49C4-8AAC-47C14E68353E}.Debug|Any CPU.ActiveCfg = Debug|Any CPU
		{24217BBC-12C5-49C4-8AAC-47C14E68353E}.Debug|Any CPU.Build.0 = Debug|Any CPU
		{24217BBC-12C5-49C4-8AAC-47C14E68353E}.Debug|x64.ActiveCfg = Debug|Any CPU
		{24217BBC-12C5-49C4-8AAC-47C14E68353E}.Debug|x64.Build.0 = Debug|Any CPU
		{24217BBC-12C5-49C4-8AAC-47C14E68353E}.Debug|x86.ActiveCfg = Debug|Any CPU
		{24217BBC-12C5-49C4-8AAC-47C14E68353E}.Debug|x86.Build.0 = Debug|Any CPU
		{24217BBC-12C5-49C4-8AAC-47C14E68353E}.Release|Any CPU.ActiveCfg = Release|Any CPU
		{24217BBC-12C5-49C4-8AAC-47C14E68353E}.Release|Any CPU.Build.0 = Release|Any CPU
		{24217BBC-12C5-49C4-8AAC-47C14E68353E}.Release|x64.ActiveCfg = Release|Any CPU
		{24217BBC-12C5-49C4-8AAC-47C14E68353E}.Release|x64.Build.0 = Release|Any CPU
		{24217BBC-12C5-49C4-8AAC-47C14E68353E}.Release|x86.ActiveCfg = Release|Any CPU
		{24217BBC-12C5-49C4-8AAC-47C14E68353E}.Release|x86.Build.0 = Release|Any CPU
		{8DEDD7F5-FB2A-408E-8C4B-43EEA2B10086}.Debug|Any CPU.ActiveCfg = Debug|Any CPU
		{8DEDD7F5-FB2A-408E-8C4B-43EEA2B10086}.Debug|Any CPU.Build.0 = Debug|Any CPU
		{8DEDD7F5-FB2A-408E-8C4B-43EEA2B10086}.Debug|x64.ActiveCfg = Debug|Any CPU
		{8DEDD7F5-FB2A-408E-8C4B-43EEA2B10086}.Debug|x64.Build.0 = Debug|Any CPU
		{8DEDD7F5-FB2A-408E-8C4B-43EEA2B10086}.Debug|x86.ActiveCfg = Debug|Any CPU
		{8DEDD7F5-FB2A-408E-8C4B-43EEA2B10086}.Debug|x86.Build.0 = Debug|Any CPU
		{8DEDD7F5-FB2A-408E-8C4B-43EEA2B10086}.Release|Any CPU.ActiveCfg = Release|Any CPU
		{8DEDD7F5-FB2A-408E-8C4B-43EEA2B10086}.Release|Any CPU.Build.0 = Release|Any CPU
		{8DEDD7F5-FB2A-408E-8C4B-43EEA2B10086}.Release|x64.ActiveCfg = Release|Any CPU
		{8DEDD7F5-FB2A-408E-8C4B-43EEA2B10086}.Release|x64.Build.0 = Release|Any CPU
		{8DEDD7F5-FB2A-408E-8C4B-43EEA2B10086}.Release|x86.ActiveCfg = Release|Any CPU
		{8DEDD7F5-FB2A-408E-8C4B-43EEA2B10086}.Release|x86.Build.0 = Release|Any CPU
		{591DF563-D55E-4819-84D6-B0E665AC5374}.Debug|Any CPU.ActiveCfg = Debug|Any CPU
		{591DF563-D55E-4819-84D6-B0E665AC5374}.Debug|Any CPU.Build.0 = Debug|Any CPU
		{591DF563-D55E-4819-84D6-B0E665AC5374}.Debug|x64.ActiveCfg = Debug|Any CPU
		{591DF563-D55E-4819-84D6-B0E665AC5374}.Debug|x64.Build.0 = Debug|Any CPU
		{591DF563-D55E-4819-84D6-B0E665AC5374}.Debug|x86.ActiveCfg = Debug|Any CPU
		{591DF563-D55E-4819-84D6-B0E665AC5374}.Debug|x86.Build.0 = Debug|Any CPU
		{591DF563-D55E-4819-84D6-B0E665AC5374}.Release|Any CPU.ActiveCfg = Release|Any CPU
		{591DF563-D55E-4819-84D6-B0E665AC5374}.Release|Any CPU.Build.0 = Release|Any CPU
		{591DF563-D55E-4819-84D6-B0E665AC5374}.Release|x64.ActiveCfg = Release|Any CPU
		{591DF563-D55E-4819-84D6-B0E665AC5374}.Release|x64.Build.0 = Release|Any CPU
		{591DF563-D55E-4819-84D6-B0E665AC5374}.Release|x86.ActiveCfg = Release|Any CPU
		{591DF563-D55E-4819-84D6-B0E665AC5374}.Release|x86.Build.0 = Release|Any CPU
		{4C620DC8-099F-4C2F-B03D-ED16EEBAFAE2}.Debug|Any CPU.ActiveCfg = Debug|Any CPU
		{4C620DC8-099F-4C2F-B03D-ED16EEBAFAE2}.Debug|Any CPU.Build.0 = Debug|Any CPU
		{4C620DC8-099F-4C2F-B03D-ED16EEBAFAE2}.Debug|x64.ActiveCfg = Debug|Any CPU
		{4C620DC8-099F-4C2F-B03D-ED16EEBAFAE2}.Debug|x64.Build.0 = Debug|Any CPU
		{4C620DC8-099F-4C2F-B03D-ED16EEBAFAE2}.Debug|x86.ActiveCfg = Debug|Any CPU
		{4C620DC8-099F-4C2F-B03D-ED16EEBAFAE2}.Debug|x86.Build.0 = Debug|Any CPU
		{4C620DC8-099F-4C2F-B03D-ED16EEBAFAE2}.Release|Any CPU.ActiveCfg = Release|Any CPU
		{4C620DC8-099F-4C2F-B03D-ED16EEBAFAE2}.Release|Any CPU.Build.0 = Release|Any CPU
		{4C620DC8-099F-4C2F-B03D-ED16EEBAFAE2}.Release|x64.ActiveCfg = Release|Any CPU
		{4C620DC8-099F-4C2F-B03D-ED16EEBAFAE2}.Release|x64.Build.0 = Release|Any CPU
		{4C620DC8-099F-4C2F-B03D-ED16EEBAFAE2}.Release|x86.ActiveCfg = Release|Any CPU
		{4C620DC8-099F-4C2F-B03D-ED16EEBAFAE2}.Release|x86.Build.0 = Release|Any CPU
		{D0184073-6500-4642-A32B-86D765C992AA}.Debug|Any CPU.ActiveCfg = Debug|Any CPU
		{D0184073-6500-4642-A32B-86D765C992AA}.Debug|Any CPU.Build.0 = Debug|Any CPU
		{D0184073-6500-4642-A32B-86D765C992AA}.Debug|x64.ActiveCfg = Debug|Any CPU
		{D0184073-6500-4642-A32B-86D765C992AA}.Debug|x64.Build.0 = Debug|Any CPU
		{D0184073-6500-4642-A32B-86D765C992AA}.Debug|x86.ActiveCfg = Debug|Any CPU
		{D0184073-6500-4642-A32B-86D765C992AA}.Debug|x86.Build.0 = Debug|Any CPU
		{D0184073-6500-4642-A32B-86D765C992AA}.Release|Any CPU.ActiveCfg = Release|Any CPU
		{D0184073-6500-4642-A32B-86D765C992AA}.Release|Any CPU.Build.0 = Release|Any CPU
		{D0184073-6500-4642-A32B-86D765C992AA}.Release|x64.ActiveCfg = Release|Any CPU
		{D0184073-6500-4642-A32B-86D765C992AA}.Release|x64.Build.0 = Release|Any CPU
		{D0184073-6500-4642-A32B-86D765C992AA}.Release|x86.ActiveCfg = Release|Any CPU
		{D0184073-6500-4642-A32B-86D765C992AA}.Release|x86.Build.0 = Release|Any CPU
		{3A9E0390-269F-4BA1-98CC-8900D3C1F83F}.Debug|Any CPU.ActiveCfg = Debug|Any CPU
		{3A9E0390-269F-4BA1-98CC-8900D3C1F83F}.Debug|Any CPU.Build.0 = Debug|Any CPU
		{3A9E0390-269F-4BA1-98CC-8900D3C1F83F}.Debug|x64.ActiveCfg = Debug|Any CPU
		{3A9E0390-269F-4BA1-98CC-8900D3C1F83F}.Debug|x64.Build.0 = Debug|Any CPU
		{3A9E0390-269F-4BA1-98CC-8900D3C1F83F}.Debug|x86.ActiveCfg = Debug|Any CPU
		{3A9E0390-269F-4BA1-98CC-8900D3C1F83F}.Debug|x86.Build.0 = Debug|Any CPU
		{3A9E0390-269F-4BA1-98CC-8900D3C1F83F}.Release|Any CPU.ActiveCfg = Release|Any CPU
		{3A9E0390-269F-4BA1-98CC-8900D3C1F83F}.Release|Any CPU.Build.0 = Release|Any CPU
		{3A9E0390-269F-4BA1-98CC-8900D3C1F83F}.Release|x64.ActiveCfg = Release|Any CPU
		{3A9E0390-269F-4BA1-98CC-8900D3C1F83F}.Release|x64.Build.0 = Release|Any CPU
		{3A9E0390-269F-4BA1-98CC-8900D3C1F83F}.Release|x86.ActiveCfg = Release|Any CPU
		{3A9E0390-269F-4BA1-98CC-8900D3C1F83F}.Release|x86.Build.0 = Release|Any CPU
		{E584D399-1D37-43BC-81A3-A43D71506F90}.Debug|Any CPU.ActiveCfg = Debug|Any CPU
		{E584D399-1D37-43BC-81A3-A43D71506F90}.Debug|Any CPU.Build.0 = Debug|Any CPU
		{E584D399-1D37-43BC-81A3-A43D71506F90}.Debug|x64.ActiveCfg = Debug|Any CPU
		{E584D399-1D37-43BC-81A3-A43D71506F90}.Debug|x64.Build.0 = Debug|Any CPU
		{E584D399-1D37-43BC-81A3-A43D71506F90}.Debug|x86.ActiveCfg = Debug|Any CPU
		{E584D399-1D37-43BC-81A3-A43D71506F90}.Debug|x86.Build.0 = Debug|Any CPU
		{E584D399-1D37-43BC-81A3-A43D71506F90}.Release|Any CPU.ActiveCfg = Release|Any CPU
		{E584D399-1D37-43BC-81A3-A43D71506F90}.Release|Any CPU.Build.0 = Release|Any CPU
		{E584D399-1D37-43BC-81A3-A43D71506F90}.Release|x64.ActiveCfg = Release|Any CPU
		{E584D399-1D37-43BC-81A3-A43D71506F90}.Release|x64.Build.0 = Release|Any CPU
		{E584D399-1D37-43BC-81A3-A43D71506F90}.Release|x86.ActiveCfg = Release|Any CPU
		{E584D399-1D37-43BC-81A3-A43D71506F90}.Release|x86.Build.0 = Release|Any CPU
		{7D86DB69-41F8-470D-97E5-340CBAD825B3}.Debug|Any CPU.ActiveCfg = Debug|Any CPU
		{7D86DB69-41F8-470D-97E5-340CBAD825B3}.Debug|Any CPU.Build.0 = Debug|Any CPU
		{7D86DB69-41F8-470D-97E5-340CBAD825B3}.Debug|x64.ActiveCfg = Debug|Any CPU
		{7D86DB69-41F8-470D-97E5-340CBAD825B3}.Debug|x64.Build.0 = Debug|Any CPU
		{7D86DB69-41F8-470D-97E5-340CBAD825B3}.Debug|x86.ActiveCfg = Debug|Any CPU
		{7D86DB69-41F8-470D-97E5-340CBAD825B3}.Debug|x86.Build.0 = Debug|Any CPU
		{7D86DB69-41F8-470D-97E5-340CBAD825B3}.Release|Any CPU.ActiveCfg = Release|Any CPU
		{7D86DB69-41F8-470D-97E5-340CBAD825B3}.Release|Any CPU.Build.0 = Release|Any CPU
		{7D86DB69-41F8-470D-97E5-340CBAD825B3}.Release|x64.ActiveCfg = Release|Any CPU
		{7D86DB69-41F8-470D-97E5-340CBAD825B3}.Release|x64.Build.0 = Release|Any CPU
		{7D86DB69-41F8-470D-97E5-340CBAD825B3}.Release|x86.ActiveCfg = Release|Any CPU
		{7D86DB69-41F8-470D-97E5-340CBAD825B3}.Release|x86.Build.0 = Release|Any CPU
		{628D9F20-AD66-4FA8-BECC-B3E850D56CFE}.Debug|Any CPU.ActiveCfg = Debug|Any CPU
		{628D9F20-AD66-4FA8-BECC-B3E850D56CFE}.Debug|Any CPU.Build.0 = Debug|Any CPU
		{628D9F20-AD66-4FA8-BECC-B3E850D56CFE}.Debug|x64.ActiveCfg = Debug|Any CPU
		{628D9F20-AD66-4FA8-BECC-B3E850D56CFE}.Debug|x64.Build.0 = Debug|Any CPU
		{628D9F20-AD66-4FA8-BECC-B3E850D56CFE}.Debug|x86.ActiveCfg = Debug|Any CPU
		{628D9F20-AD66-4FA8-BECC-B3E850D56CFE}.Debug|x86.Build.0 = Debug|Any CPU
		{628D9F20-AD66-4FA8-BECC-B3E850D56CFE}.Release|Any CPU.ActiveCfg = Release|Any CPU
		{628D9F20-AD66-4FA8-BECC-B3E850D56CFE}.Release|Any CPU.Build.0 = Release|Any CPU
		{628D9F20-AD66-4FA8-BECC-B3E850D56CFE}.Release|x64.ActiveCfg = Release|Any CPU
		{628D9F20-AD66-4FA8-BECC-B3E850D56CFE}.Release|x64.Build.0 = Release|Any CPU
		{628D9F20-AD66-4FA8-BECC-B3E850D56CFE}.Release|x86.ActiveCfg = Release|Any CPU
		{628D9F20-AD66-4FA8-BECC-B3E850D56CFE}.Release|x86.Build.0 = Release|Any CPU
		{C0B91BBC-5169-4F1D-97D0-02B353ED330E}.Debug|Any CPU.ActiveCfg = Debug|Any CPU
		{C0B91BBC-5169-4F1D-97D0-02B353ED330E}.Debug|Any CPU.Build.0 = Debug|Any CPU
		{C0B91BBC-5169-4F1D-97D0-02B353ED330E}.Debug|x64.ActiveCfg = Debug|Any CPU
		{C0B91BBC-5169-4F1D-97D0-02B353ED330E}.Debug|x64.Build.0 = Debug|Any CPU
		{C0B91BBC-5169-4F1D-97D0-02B353ED330E}.Debug|x86.ActiveCfg = Debug|Any CPU
		{C0B91BBC-5169-4F1D-97D0-02B353ED330E}.Debug|x86.Build.0 = Debug|Any CPU
		{C0B91BBC-5169-4F1D-97D0-02B353ED330E}.Release|Any CPU.ActiveCfg = Release|Any CPU
		{C0B91BBC-5169-4F1D-97D0-02B353ED330E}.Release|Any CPU.Build.0 = Release|Any CPU
		{C0B91BBC-5169-4F1D-97D0-02B353ED330E}.Release|x64.ActiveCfg = Release|Any CPU
		{C0B91BBC-5169-4F1D-97D0-02B353ED330E}.Release|x64.Build.0 = Release|Any CPU
		{C0B91BBC-5169-4F1D-97D0-02B353ED330E}.Release|x86.ActiveCfg = Release|Any CPU
		{C0B91BBC-5169-4F1D-97D0-02B353ED330E}.Release|x86.Build.0 = Release|Any CPU
		{57220CD3-EC64-4C6B-A28C-4C5C435D0D27}.Debug|Any CPU.ActiveCfg = Debug|Any CPU
		{57220CD3-EC64-4C6B-A28C-4C5C435D0D27}.Debug|Any CPU.Build.0 = Debug|Any CPU
		{57220CD3-EC64-4C6B-A28C-4C5C435D0D27}.Debug|x64.ActiveCfg = Debug|Any CPU
		{57220CD3-EC64-4C6B-A28C-4C5C435D0D27}.Debug|x64.Build.0 = Debug|Any CPU
		{57220CD3-EC64-4C6B-A28C-4C5C435D0D27}.Debug|x86.ActiveCfg = Debug|Any CPU
		{57220CD3-EC64-4C6B-A28C-4C5C435D0D27}.Debug|x86.Build.0 = Debug|Any CPU
		{57220CD3-EC64-4C6B-A28C-4C5C435D0D27}.Release|Any CPU.ActiveCfg = Release|Any CPU
		{57220CD3-EC64-4C6B-A28C-4C5C435D0D27}.Release|Any CPU.Build.0 = Release|Any CPU
		{57220CD3-EC64-4C6B-A28C-4C5C435D0D27}.Release|x64.ActiveCfg = Release|Any CPU
		{57220CD3-EC64-4C6B-A28C-4C5C435D0D27}.Release|x64.Build.0 = Release|Any CPU
		{57220CD3-EC64-4C6B-A28C-4C5C435D0D27}.Release|x86.ActiveCfg = Release|Any CPU
		{57220CD3-EC64-4C6B-A28C-4C5C435D0D27}.Release|x86.Build.0 = Release|Any CPU
		{808B089B-03FE-4C2C-8889-8BEB174F7A7F}.Debug|Any CPU.ActiveCfg = Debug|Any CPU
		{808B089B-03FE-4C2C-8889-8BEB174F7A7F}.Debug|Any CPU.Build.0 = Debug|Any CPU
		{808B089B-03FE-4C2C-8889-8BEB174F7A7F}.Debug|x64.ActiveCfg = Debug|Any CPU
		{808B089B-03FE-4C2C-8889-8BEB174F7A7F}.Debug|x64.Build.0 = Debug|Any CPU
		{808B089B-03FE-4C2C-8889-8BEB174F7A7F}.Debug|x86.ActiveCfg = Debug|Any CPU
		{808B089B-03FE-4C2C-8889-8BEB174F7A7F}.Debug|x86.Build.0 = Debug|Any CPU
		{808B089B-03FE-4C2C-8889-8BEB174F7A7F}.Release|Any CPU.ActiveCfg = Release|Any CPU
		{808B089B-03FE-4C2C-8889-8BEB174F7A7F}.Release|Any CPU.Build.0 = Release|Any CPU
		{808B089B-03FE-4C2C-8889-8BEB174F7A7F}.Release|x64.ActiveCfg = Release|Any CPU
		{808B089B-03FE-4C2C-8889-8BEB174F7A7F}.Release|x64.Build.0 = Release|Any CPU
		{808B089B-03FE-4C2C-8889-8BEB174F7A7F}.Release|x86.ActiveCfg = Release|Any CPU
		{808B089B-03FE-4C2C-8889-8BEB174F7A7F}.Release|x86.Build.0 = Release|Any CPU
	EndGlobalSection
EndGlobal
