
Microsoft Visual Studio Solution File, Format Version 12.00
# Visual Studio 15
VisualStudioVersion = 15.0.26124.0
MinimumVisualStudioVersion = 15.0.26124.0
Project("{2150E333-8FDC-42A3-9474-1A3956D46DE8}") = "Kwetter.Services.AuthService", "Kwetter.Services.AuthService", "{AC60C433-43BF-4A99-AA0D-427AA2A9098B}"
EndProject
Project("{2150E333-8FDC-42A3-9474-1A3956D46DE8}") = "Kwetter.Services", "Kwetter.Services", "{64D48B2D-99B7-4EAC-A56E-FFF86D83CCDA}"
EndProject
Project("{2150E333-8FDC-42A3-9474-1A3956D46DE8}") = "Kwetter.Services.ProfileService", "Kwetter.Services.ProfileService", "{386C94D0-BC4C-44EB-A116-72BF5FA08894}"
EndProject
Project("{FAE04EC0-301F-11D3-BF4B-00C04F79EFBC}") = "Kwetter.Services.ProfileService.Rest", "Services\ProfileService\Rest\Kwetter.Services.ProfileService.Rest.csproj", "{B3FCAC2B-17D0-4EBF-8CAD-8D80E735468C}"
EndProject
Project("{FAE04EC0-301F-11D3-BF4B-00C04F79EFBC}") = "Kwetter.Services.ProfileService.Application", "Services\ProfileService\Application\Kwetter.Services.ProfileService.Application.csproj", "{485AE676-207E-4F57-A73E-A80160EE6299}"
EndProject
Project("{FAE04EC0-301F-11D3-BF4B-00C04F79EFBC}") = "Kwetter.Services.ProfileService.Domain", "Services\ProfileService\Domain\Kwetter.Services.ProfileService.Domain.csproj", "{C6A48108-F634-43B7-9517-99FF6FD610D7}"
EndProject
Project("{FAE04EC0-301F-11D3-BF4B-00C04F79EFBC}") = "Kwetter.Services.ProfileService.Persistence", "Services\ProfileService\Persistence\Kwetter.Services.ProfileService.Persistence.csproj", "{09A22AE2-2537-45E5-B082-0DCAFCF67E47}"
EndProject
Project("{FAE04EC0-301F-11D3-BF4B-00C04F79EFBC}") = "Kwetter.Services.ProfileService.Test", "Services\ProfileService\Test\Kwetter.Services.ProfileService.Test.csproj", "{D5458372-9638-4F7A-AE94-B06CCEDBBD45}"
EndProject
Project("{FAE04EC0-301F-11D3-BF4B-00C04F79EFBC}") = "Kwetter.Services.AuthService.Rest", "Services\AuthService\Rest\Kwetter.Services.AuthService.Rest.csproj", "{FDDF3FA5-1771-4507-A16C-A182F50DE828}"
EndProject
Project("{2150E333-8FDC-42A3-9474-1A3956D46DE8}") = "Kwetter.Services.KweetService", "Kwetter.Services.KweetService", "{790FC393-14F3-4A2D-AE1E-AB171196C6C1}"
EndProject
Project("{FAE04EC0-301F-11D3-BF4B-00C04F79EFBC}") = "Kwetter.Services.KweetService.Application", "Services\KweetService\Application\Kwetter.Services.KweetService.Application.csproj", "{C51E0AB1-8AFC-4069-84EB-699EB7BFF3B6}"
EndProject
Project("{FAE04EC0-301F-11D3-BF4B-00C04F79EFBC}") = "Kwetter.Services.KweetService.Domain", "Services\KweetService\Domain\Kwetter.Services.KweetService.Domain.csproj", "{61D4BEA4-5BD0-49FF-9FD6-61C686419B49}"
EndProject
Project("{FAE04EC0-301F-11D3-BF4B-00C04F79EFBC}") = "Kwetter.Services.KweetService.Persistence", "Services\KweetService\Persistence\Kwetter.Services.KweetService.Persistence.csproj", "{F57467F3-2504-4732-93EE-30011AB07F57}"
EndProject
Project("{FAE04EC0-301F-11D3-BF4B-00C04F79EFBC}") = "Kwetter.Services.KweetService.Rest", "Services\KweetService\Rest\Kwetter.Services.KweetService.Rest.csproj", "{764D489F-9253-4D3F-9CD7-14D5F7F0ECDE}"
EndProject
Project("{FAE04EC0-301F-11D3-BF4B-00C04F79EFBC}") = "Kwetter.Services.KweetService.Test", "Services\KweetService\Test\Kwetter.Services.KweetService.Test.csproj", "{3DB2CF49-C534-4AB9-876B-1AE277E5F247}"
EndProject
Global
	GlobalSection(SolutionConfigurationPlatforms) = preSolution
		Debug|Any CPU = Debug|Any CPU
		Debug|x64 = Debug|x64
		Debug|x86 = Debug|x86
		Release|Any CPU = Release|Any CPU
		Release|x64 = Release|x64
		Release|x86 = Release|x86
	EndGlobalSection
	GlobalSection(SolutionProperties) = preSolution
		HideSolutionNode = FALSE
	EndGlobalSection
	GlobalSection(NestedProjects) = preSolution
		{AC60C433-43BF-4A99-AA0D-427AA2A9098B} = {64D48B2D-99B7-4EAC-A56E-FFF86D83CCDA}
		{386C94D0-BC4C-44EB-A116-72BF5FA08894} = {64D48B2D-99B7-4EAC-A56E-FFF86D83CCDA}
		{B3FCAC2B-17D0-4EBF-8CAD-8D80E735468C} = {386C94D0-BC4C-44EB-A116-72BF5FA08894}
		{485AE676-207E-4F57-A73E-A80160EE6299} = {386C94D0-BC4C-44EB-A116-72BF5FA08894}
		{C6A48108-F634-43B7-9517-99FF6FD610D7} = {386C94D0-BC4C-44EB-A116-72BF5FA08894}
		{09A22AE2-2537-45E5-B082-0DCAFCF67E47} = {386C94D0-BC4C-44EB-A116-72BF5FA08894}
		{D5458372-9638-4F7A-AE94-B06CCEDBBD45} = {386C94D0-BC4C-44EB-A116-72BF5FA08894}
		{FDDF3FA5-1771-4507-A16C-A182F50DE828} = {AC60C433-43BF-4A99-AA0D-427AA2A9098B}
		{790FC393-14F3-4A2D-AE1E-AB171196C6C1} = {64D48B2D-99B7-4EAC-A56E-FFF86D83CCDA}
		{C51E0AB1-8AFC-4069-84EB-699EB7BFF3B6} = {790FC393-14F3-4A2D-AE1E-AB171196C6C1}
		{61D4BEA4-5BD0-49FF-9FD6-61C686419B49} = {790FC393-14F3-4A2D-AE1E-AB171196C6C1}
		{F57467F3-2504-4732-93EE-30011AB07F57} = {790FC393-14F3-4A2D-AE1E-AB171196C6C1}
		{764D489F-9253-4D3F-9CD7-14D5F7F0ECDE} = {790FC393-14F3-4A2D-AE1E-AB171196C6C1}
		{3DB2CF49-C534-4AB9-876B-1AE277E5F247} = {790FC393-14F3-4A2D-AE1E-AB171196C6C1}
	EndGlobalSection
	GlobalSection(ProjectConfigurationPlatforms) = postSolution
		{B3FCAC2B-17D0-4EBF-8CAD-8D80E735468C}.Debug|Any CPU.ActiveCfg = Debug|Any CPU
		{B3FCAC2B-17D0-4EBF-8CAD-8D80E735468C}.Debug|Any CPU.Build.0 = Debug|Any CPU
		{B3FCAC2B-17D0-4EBF-8CAD-8D80E735468C}.Debug|x64.ActiveCfg = Debug|Any CPU
		{B3FCAC2B-17D0-4EBF-8CAD-8D80E735468C}.Debug|x64.Build.0 = Debug|Any CPU
		{B3FCAC2B-17D0-4EBF-8CAD-8D80E735468C}.Debug|x86.ActiveCfg = Debug|Any CPU
		{B3FCAC2B-17D0-4EBF-8CAD-8D80E735468C}.Debug|x86.Build.0 = Debug|Any CPU
		{B3FCAC2B-17D0-4EBF-8CAD-8D80E735468C}.Release|Any CPU.ActiveCfg = Release|Any CPU
		{B3FCAC2B-17D0-4EBF-8CAD-8D80E735468C}.Release|Any CPU.Build.0 = Release|Any CPU
		{B3FCAC2B-17D0-4EBF-8CAD-8D80E735468C}.Release|x64.ActiveCfg = Release|Any CPU
		{B3FCAC2B-17D0-4EBF-8CAD-8D80E735468C}.Release|x64.Build.0 = Release|Any CPU
		{B3FCAC2B-17D0-4EBF-8CAD-8D80E735468C}.Release|x86.ActiveCfg = Release|Any CPU
		{B3FCAC2B-17D0-4EBF-8CAD-8D80E735468C}.Release|x86.Build.0 = Release|Any CPU
		{485AE676-207E-4F57-A73E-A80160EE6299}.Debug|Any CPU.ActiveCfg = Debug|Any CPU
		{485AE676-207E-4F57-A73E-A80160EE6299}.Debug|Any CPU.Build.0 = Debug|Any CPU
		{485AE676-207E-4F57-A73E-A80160EE6299}.Debug|x64.ActiveCfg = Debug|Any CPU
		{485AE676-207E-4F57-A73E-A80160EE6299}.Debug|x64.Build.0 = Debug|Any CPU
		{485AE676-207E-4F57-A73E-A80160EE6299}.Debug|x86.ActiveCfg = Debug|Any CPU
		{485AE676-207E-4F57-A73E-A80160EE6299}.Debug|x86.Build.0 = Debug|Any CPU
		{485AE676-207E-4F57-A73E-A80160EE6299}.Release|Any CPU.ActiveCfg = Release|Any CPU
		{485AE676-207E-4F57-A73E-A80160EE6299}.Release|Any CPU.Build.0 = Release|Any CPU
		{485AE676-207E-4F57-A73E-A80160EE6299}.Release|x64.ActiveCfg = Release|Any CPU
		{485AE676-207E-4F57-A73E-A80160EE6299}.Release|x64.Build.0 = Release|Any CPU
		{485AE676-207E-4F57-A73E-A80160EE6299}.Release|x86.ActiveCfg = Release|Any CPU
		{485AE676-207E-4F57-A73E-A80160EE6299}.Release|x86.Build.0 = Release|Any CPU
		{C6A48108-F634-43B7-9517-99FF6FD610D7}.Debug|Any CPU.ActiveCfg = Debug|Any CPU
		{C6A48108-F634-43B7-9517-99FF6FD610D7}.Debug|Any CPU.Build.0 = Debug|Any CPU
		{C6A48108-F634-43B7-9517-99FF6FD610D7}.Debug|x64.ActiveCfg = Debug|Any CPU
		{C6A48108-F634-43B7-9517-99FF6FD610D7}.Debug|x64.Build.0 = Debug|Any CPU
		{C6A48108-F634-43B7-9517-99FF6FD610D7}.Debug|x86.ActiveCfg = Debug|Any CPU
		{C6A48108-F634-43B7-9517-99FF6FD610D7}.Debug|x86.Build.0 = Debug|Any CPU
		{C6A48108-F634-43B7-9517-99FF6FD610D7}.Release|Any CPU.ActiveCfg = Release|Any CPU
		{C6A48108-F634-43B7-9517-99FF6FD610D7}.Release|Any CPU.Build.0 = Release|Any CPU
		{C6A48108-F634-43B7-9517-99FF6FD610D7}.Release|x64.ActiveCfg = Release|Any CPU
		{C6A48108-F634-43B7-9517-99FF6FD610D7}.Release|x64.Build.0 = Release|Any CPU
		{C6A48108-F634-43B7-9517-99FF6FD610D7}.Release|x86.ActiveCfg = Release|Any CPU
		{C6A48108-F634-43B7-9517-99FF6FD610D7}.Release|x86.Build.0 = Release|Any CPU
		{09A22AE2-2537-45E5-B082-0DCAFCF67E47}.Debug|Any CPU.ActiveCfg = Debug|Any CPU
		{09A22AE2-2537-45E5-B082-0DCAFCF67E47}.Debug|Any CPU.Build.0 = Debug|Any CPU
		{09A22AE2-2537-45E5-B082-0DCAFCF67E47}.Debug|x64.ActiveCfg = Debug|Any CPU
		{09A22AE2-2537-45E5-B082-0DCAFCF67E47}.Debug|x64.Build.0 = Debug|Any CPU
		{09A22AE2-2537-45E5-B082-0DCAFCF67E47}.Debug|x86.ActiveCfg = Debug|Any CPU
		{09A22AE2-2537-45E5-B082-0DCAFCF67E47}.Debug|x86.Build.0 = Debug|Any CPU
		{09A22AE2-2537-45E5-B082-0DCAFCF67E47}.Release|Any CPU.ActiveCfg = Release|Any CPU
		{09A22AE2-2537-45E5-B082-0DCAFCF67E47}.Release|Any CPU.Build.0 = Release|Any CPU
		{09A22AE2-2537-45E5-B082-0DCAFCF67E47}.Release|x64.ActiveCfg = Release|Any CPU
		{09A22AE2-2537-45E5-B082-0DCAFCF67E47}.Release|x64.Build.0 = Release|Any CPU
		{09A22AE2-2537-45E5-B082-0DCAFCF67E47}.Release|x86.ActiveCfg = Release|Any CPU
		{09A22AE2-2537-45E5-B082-0DCAFCF67E47}.Release|x86.Build.0 = Release|Any CPU
		{D5458372-9638-4F7A-AE94-B06CCEDBBD45}.Debug|Any CPU.ActiveCfg = Debug|Any CPU
		{D5458372-9638-4F7A-AE94-B06CCEDBBD45}.Debug|Any CPU.Build.0 = Debug|Any CPU
		{D5458372-9638-4F7A-AE94-B06CCEDBBD45}.Debug|x64.ActiveCfg = Debug|Any CPU
		{D5458372-9638-4F7A-AE94-B06CCEDBBD45}.Debug|x64.Build.0 = Debug|Any CPU
		{D5458372-9638-4F7A-AE94-B06CCEDBBD45}.Debug|x86.ActiveCfg = Debug|Any CPU
		{D5458372-9638-4F7A-AE94-B06CCEDBBD45}.Debug|x86.Build.0 = Debug|Any CPU
		{D5458372-9638-4F7A-AE94-B06CCEDBBD45}.Release|Any CPU.ActiveCfg = Release|Any CPU
		{D5458372-9638-4F7A-AE94-B06CCEDBBD45}.Release|Any CPU.Build.0 = Release|Any CPU
		{D5458372-9638-4F7A-AE94-B06CCEDBBD45}.Release|x64.ActiveCfg = Release|Any CPU
		{D5458372-9638-4F7A-AE94-B06CCEDBBD45}.Release|x64.Build.0 = Release|Any CPU
		{D5458372-9638-4F7A-AE94-B06CCEDBBD45}.Release|x86.ActiveCfg = Release|Any CPU
		{D5458372-9638-4F7A-AE94-B06CCEDBBD45}.Release|x86.Build.0 = Release|Any CPU
		{FDDF3FA5-1771-4507-A16C-A182F50DE828}.Debug|Any CPU.ActiveCfg = Debug|Any CPU
		{FDDF3FA5-1771-4507-A16C-A182F50DE828}.Debug|Any CPU.Build.0 = Debug|Any CPU
		{FDDF3FA5-1771-4507-A16C-A182F50DE828}.Debug|x64.ActiveCfg = Debug|Any CPU
		{FDDF3FA5-1771-4507-A16C-A182F50DE828}.Debug|x64.Build.0 = Debug|Any CPU
		{FDDF3FA5-1771-4507-A16C-A182F50DE828}.Debug|x86.ActiveCfg = Debug|Any CPU
		{FDDF3FA5-1771-4507-A16C-A182F50DE828}.Debug|x86.Build.0 = Debug|Any CPU
		{FDDF3FA5-1771-4507-A16C-A182F50DE828}.Release|Any CPU.ActiveCfg = Release|Any CPU
		{FDDF3FA5-1771-4507-A16C-A182F50DE828}.Release|Any CPU.Build.0 = Release|Any CPU
		{FDDF3FA5-1771-4507-A16C-A182F50DE828}.Release|x64.ActiveCfg = Release|Any CPU
		{FDDF3FA5-1771-4507-A16C-A182F50DE828}.Release|x64.Build.0 = Release|Any CPU
		{FDDF3FA5-1771-4507-A16C-A182F50DE828}.Release|x86.ActiveCfg = Release|Any CPU
		{FDDF3FA5-1771-4507-A16C-A182F50DE828}.Release|x86.Build.0 = Release|Any CPU
		{C51E0AB1-8AFC-4069-84EB-699EB7BFF3B6}.Debug|Any CPU.ActiveCfg = Debug|Any CPU
		{C51E0AB1-8AFC-4069-84EB-699EB7BFF3B6}.Debug|Any CPU.Build.0 = Debug|Any CPU
		{C51E0AB1-8AFC-4069-84EB-699EB7BFF3B6}.Debug|x64.ActiveCfg = Debug|Any CPU
		{C51E0AB1-8AFC-4069-84EB-699EB7BFF3B6}.Debug|x64.Build.0 = Debug|Any CPU
		{C51E0AB1-8AFC-4069-84EB-699EB7BFF3B6}.Debug|x86.ActiveCfg = Debug|Any CPU
		{C51E0AB1-8AFC-4069-84EB-699EB7BFF3B6}.Debug|x86.Build.0 = Debug|Any CPU
		{C51E0AB1-8AFC-4069-84EB-699EB7BFF3B6}.Release|Any CPU.ActiveCfg = Release|Any CPU
		{C51E0AB1-8AFC-4069-84EB-699EB7BFF3B6}.Release|Any CPU.Build.0 = Release|Any CPU
		{C51E0AB1-8AFC-4069-84EB-699EB7BFF3B6}.Release|x64.ActiveCfg = Release|Any CPU
		{C51E0AB1-8AFC-4069-84EB-699EB7BFF3B6}.Release|x64.Build.0 = Release|Any CPU
		{C51E0AB1-8AFC-4069-84EB-699EB7BFF3B6}.Release|x86.ActiveCfg = Release|Any CPU
		{C51E0AB1-8AFC-4069-84EB-699EB7BFF3B6}.Release|x86.Build.0 = Release|Any CPU
		{61D4BEA4-5BD0-49FF-9FD6-61C686419B49}.Debug|Any CPU.ActiveCfg = Debug|Any CPU
		{61D4BEA4-5BD0-49FF-9FD6-61C686419B49}.Debug|Any CPU.Build.0 = Debug|Any CPU
		{61D4BEA4-5BD0-49FF-9FD6-61C686419B49}.Debug|x64.ActiveCfg = Debug|Any CPU
		{61D4BEA4-5BD0-49FF-9FD6-61C686419B49}.Debug|x64.Build.0 = Debug|Any CPU
		{61D4BEA4-5BD0-49FF-9FD6-61C686419B49}.Debug|x86.ActiveCfg = Debug|Any CPU
		{61D4BEA4-5BD0-49FF-9FD6-61C686419B49}.Debug|x86.Build.0 = Debug|Any CPU
		{61D4BEA4-5BD0-49FF-9FD6-61C686419B49}.Release|Any CPU.ActiveCfg = Release|Any CPU
		{61D4BEA4-5BD0-49FF-9FD6-61C686419B49}.Release|Any CPU.Build.0 = Release|Any CPU
		{61D4BEA4-5BD0-49FF-9FD6-61C686419B49}.Release|x64.ActiveCfg = Release|Any CPU
		{61D4BEA4-5BD0-49FF-9FD6-61C686419B49}.Release|x64.Build.0 = Release|Any CPU
		{61D4BEA4-5BD0-49FF-9FD6-61C686419B49}.Release|x86.ActiveCfg = Release|Any CPU
		{61D4BEA4-5BD0-49FF-9FD6-61C686419B49}.Release|x86.Build.0 = Release|Any CPU
		{F57467F3-2504-4732-93EE-30011AB07F57}.Debug|Any CPU.ActiveCfg = Debug|Any CPU
		{F57467F3-2504-4732-93EE-30011AB07F57}.Debug|Any CPU.Build.0 = Debug|Any CPU
		{F57467F3-2504-4732-93EE-30011AB07F57}.Debug|x64.ActiveCfg = Debug|Any CPU
		{F57467F3-2504-4732-93EE-30011AB07F57}.Debug|x64.Build.0 = Debug|Any CPU
		{F57467F3-2504-4732-93EE-30011AB07F57}.Debug|x86.ActiveCfg = Debug|Any CPU
		{F57467F3-2504-4732-93EE-30011AB07F57}.Debug|x86.Build.0 = Debug|Any CPU
		{F57467F3-2504-4732-93EE-30011AB07F57}.Release|Any CPU.ActiveCfg = Release|Any CPU
		{F57467F3-2504-4732-93EE-30011AB07F57}.Release|Any CPU.Build.0 = Release|Any CPU
		{F57467F3-2504-4732-93EE-30011AB07F57}.Release|x64.ActiveCfg = Release|Any CPU
		{F57467F3-2504-4732-93EE-30011AB07F57}.Release|x64.Build.0 = Release|Any CPU
		{F57467F3-2504-4732-93EE-30011AB07F57}.Release|x86.ActiveCfg = Release|Any CPU
		{F57467F3-2504-4732-93EE-30011AB07F57}.Release|x86.Build.0 = Release|Any CPU
		{764D489F-9253-4D3F-9CD7-14D5F7F0ECDE}.Debug|Any CPU.ActiveCfg = Debug|Any CPU
		{764D489F-9253-4D3F-9CD7-14D5F7F0ECDE}.Debug|Any CPU.Build.0 = Debug|Any CPU
		{764D489F-9253-4D3F-9CD7-14D5F7F0ECDE}.Debug|x64.ActiveCfg = Debug|Any CPU
		{764D489F-9253-4D3F-9CD7-14D5F7F0ECDE}.Debug|x64.Build.0 = Debug|Any CPU
		{764D489F-9253-4D3F-9CD7-14D5F7F0ECDE}.Debug|x86.ActiveCfg = Debug|Any CPU
		{764D489F-9253-4D3F-9CD7-14D5F7F0ECDE}.Debug|x86.Build.0 = Debug|Any CPU
		{764D489F-9253-4D3F-9CD7-14D5F7F0ECDE}.Release|Any CPU.ActiveCfg = Release|Any CPU
		{764D489F-9253-4D3F-9CD7-14D5F7F0ECDE}.Release|Any CPU.Build.0 = Release|Any CPU
		{764D489F-9253-4D3F-9CD7-14D5F7F0ECDE}.Release|x64.ActiveCfg = Release|Any CPU
		{764D489F-9253-4D3F-9CD7-14D5F7F0ECDE}.Release|x64.Build.0 = Release|Any CPU
		{764D489F-9253-4D3F-9CD7-14D5F7F0ECDE}.Release|x86.ActiveCfg = Release|Any CPU
		{764D489F-9253-4D3F-9CD7-14D5F7F0ECDE}.Release|x86.Build.0 = Release|Any CPU
		{3DB2CF49-C534-4AB9-876B-1AE277E5F247}.Debug|Any CPU.ActiveCfg = Debug|Any CPU
		{3DB2CF49-C534-4AB9-876B-1AE277E5F247}.Debug|Any CPU.Build.0 = Debug|Any CPU
		{3DB2CF49-C534-4AB9-876B-1AE277E5F247}.Debug|x64.ActiveCfg = Debug|Any CPU
		{3DB2CF49-C534-4AB9-876B-1AE277E5F247}.Debug|x64.Build.0 = Debug|Any CPU
		{3DB2CF49-C534-4AB9-876B-1AE277E5F247}.Debug|x86.ActiveCfg = Debug|Any CPU
		{3DB2CF49-C534-4AB9-876B-1AE277E5F247}.Debug|x86.Build.0 = Debug|Any CPU
		{3DB2CF49-C534-4AB9-876B-1AE277E5F247}.Release|Any CPU.ActiveCfg = Release|Any CPU
		{3DB2CF49-C534-4AB9-876B-1AE277E5F247}.Release|Any CPU.Build.0 = Release|Any CPU
		{3DB2CF49-C534-4AB9-876B-1AE277E5F247}.Release|x64.ActiveCfg = Release|Any CPU
		{3DB2CF49-C534-4AB9-876B-1AE277E5F247}.Release|x64.Build.0 = Release|Any CPU
		{3DB2CF49-C534-4AB9-876B-1AE277E5F247}.Release|x86.ActiveCfg = Release|Any CPU
		{3DB2CF49-C534-4AB9-876B-1AE277E5F247}.Release|x86.Build.0 = Release|Any CPU
	EndGlobalSection
EndGlobal
